
Microsoft Visual Studio Solution File, Format Version 12.00
# Visual Studio Version 17
VisualStudioVersion = 17.1.32228.430
MinimumVisualStudioVersion = 10.0.40219.1
Project("{8BC9CEB8-8B4A-11D0-8D11-00A0C91BC942}") = "Lista_01", "Lista_01\Lista_01.vcxproj", "{808EB5A4-3C16-4FBC-93C5-1BC524C8D642}"
EndProject
Project("{8BC9CEB8-8B4A-11D0-8D11-00A0C91BC942}") = "Lista_02", "Lista_02\Lista_02.vcxproj", "{F4FBFA36-2488-4F01-B260-792382E363E5}"
EndProject
Project("{8BC9CEB8-8B4A-11D0-8D11-00A0C91BC942}") = "Lista_03", "Lista_03\Lista_03.vcxproj", "{30263350-5898-49D8-A10E-7B1553A20681}"
EndProject
Global
	GlobalSection(SolutionConfigurationPlatforms) = preSolution
		Debug|x64 = Debug|x64
		Debug|x86 = Debug|x86
		Release|x64 = Release|x64
		Release|x86 = Release|x86
	EndGlobalSection
	GlobalSection(ProjectConfigurationPlatforms) = postSolution
		{808EB5A4-3C16-4FBC-93C5-1BC524C8D642}.Debug|x64.ActiveCfg = Debug|Win32
		{808EB5A4-3C16-4FBC-93C5-1BC524C8D642}.Debug|x64.Build.0 = Debug|Win32
		{808EB5A4-3C16-4FBC-93C5-1BC524C8D642}.Debug|x86.ActiveCfg = Debug|x64
		{808EB5A4-3C16-4FBC-93C5-1BC524C8D642}.Debug|x86.Build.0 = Debug|x64
		{808EB5A4-3C16-4FBC-93C5-1BC524C8D642}.Release|x64.ActiveCfg = Release|x64
		{808EB5A4-3C16-4FBC-93C5-1BC524C8D642}.Release|x64.Build.0 = Release|x64
		{808EB5A4-3C16-4FBC-93C5-1BC524C8D642}.Release|x86.ActiveCfg = Release|Win32
		{808EB5A4-3C16-4FBC-93C5-1BC524C8D642}.Release|x86.Build.0 = Release|Win32
		{F4FBFA36-2488-4F01-B260-792382E363E5}.Debug|x64.ActiveCfg = Debug|x64
		{F4FBFA36-2488-4F01-B260-792382E363E5}.Debug|x64.Build.0 = Debug|x64
		{F4FBFA36-2488-4F01-B260-792382E363E5}.Debug|x86.ActiveCfg = Debug|x64
		{F4FBFA36-2488-4F01-B260-792382E363E5}.Debug|x86.Build.0 = Debug|x64
		{F4FBFA36-2488-4F01-B260-792382E363E5}.Release|x64.ActiveCfg = Release|x64
		{F4FBFA36-2488-4F01-B260-792382E363E5}.Release|x64.Build.0 = Release|x64
		{F4FBFA36-2488-4F01-B260-792382E363E5}.Release|x86.ActiveCfg = Release|Win32
		{F4FBFA36-2488-4F01-B260-792382E363E5}.Release|x86.Build.0 = Release|Win32
		{30263350-5898-49D8-A10E-7B1553A20681}.Debug|x64.ActiveCfg = Debug|x64
		{30263350-5898-49D8-A10E-7B1553A20681}.Debug|x64.Build.0 = Debug|x64
		{30263350-5898-49D8-A10E-7B1553A20681}.Debug|x86.ActiveCfg = Debug|Win32
		{30263350-5898-49D8-A10E-7B1553A20681}.Debug|x86.Build.0 = Debug|Win32
		{30263350-5898-49D8-A10E-7B1553A20681}.Release|x64.ActiveCfg = Release|x64
		{30263350-5898-49D8-A10E-7B1553A20681}.Release|x64.Build.0 = Release|x64
		{30263350-5898-49D8-A10E-7B1553A20681}.Release|x86.ActiveCfg = Release|Win32
		{30263350-5898-49D8-A10E-7B1553A20681}.Release|x86.Build.0 = Release|Win32
	EndGlobalSection
	GlobalSection(SolutionProperties) = preSolution
		HideSolutionNode = FALSE
	EndGlobalSection
	GlobalSection(ExtensibilityGlobals) = postSolution
		SolutionGuid = {D76B64BC-DE87-4D5F-A95E-188176DFA2DA}
	EndGlobalSection
EndGlobal
